<?xml version="1.0" encoding="UTF-8" standalone="yes" ?>
<CodeBlocks_project_file>
	<FileVersion major="1" minor="6" />
	<Project>
		<Option title="ShipFight" />
		<Option pch_mode="2" />
		<Option compiler="gcc" />
		<Build>
			<Target title="Debug">
				<Option output="bin/Debug/ShipFight" prefix_auto="1" extension_auto="1" />
				<Option object_output="obj/Debug/" />
				<Option type="1" />
				<Option compiler="gcc" />
				<Compiler>
					<Add option="-g" />
				</Compiler>
			</Target>
			<Target title="Release">
				<Option output="bin/Release/ShipFight" prefix_auto="1" extension_auto="1" />
				<Option object_output="obj/Release/" />
				<Option type="1" />
				<Option compiler="gcc" />
				<Compiler>
					<Add option="-O2" />
				</Compiler>
				<Linker>
					<Add option="-s" />
				</Linker>
			</Target>
		</Build>
		<Compiler>
			<Add option="-Wall" />
		</Compiler>
		<Unit filename="inc/Assembler/AbstractAssembler.hpp" />
		<Unit filename="inc/Assembler/AssemblerFromFile.hpp" />
		<Unit filename="inc/Json/JsonObject.hpp" />
		<Unit filename="inc/Json/JsonParser.hpp" />
		<Unit filename="inc/Parameters.hpp" />
		<Unit filename="inc/lib/StrFunc.hpp" />
		<Unit filename="inc/lib/VecFunc.hpp" />
		<Unit filename="src/Assembler/AbstractAssembler.cpp" />
		<Unit filename="src/Assembler/AssemblerFromFile.cpp" />
		<Unit filename="src/Json/JsonObject.cpp" />
		<Unit filename="src/Json/JsonParser.cpp" />
		<Unit filename="src/lib/StrFunc.cpp" />
		<Unit filename="src/lib/VecFunc.cpp" />
		<Unit filename="src/main.cpp" />
		<Extensions>
			<code_completion />
			<envvars />
			<debugger />
			<lib_finder disable_auto="1" />
		</Extensions>
	</Project>
</CodeBlocks_project_file>
